
Microsoft Visual Studio Solution File, Format Version 12.00
# Visual Studio 15
VisualStudioVersion = 15.0.28218.60
MinimumVisualStudioVersion = 10.0.40219.1
Project("{9A19103F-16F7-4668-BE54-9A1E7A4F7556}") = "GaugeNetCore30", "GaugeNetCore30/GaugeNetCore30.csproj", "{DF08384B-37DD-4722-B23C-6CAA4704C04F}"
EndProject
Global
	GlobalSection(SolutionConfigurationPlatforms) = preSolution
		Debug|Any CPU = Debug|Any CPU
		Release|Any CPU = Release|Any CPU
	EndGlobalSection
	GlobalSection(ProjectConfigurationPlatforms) = postSolution
		{DF08384B-37DD-4722-B23C-6CAA4704C04F}.Debug|Any CPU.ActiveCfg = Debug|Any CPU
		{DF08384B-37DD-4722-B23C-6CAA4704C04F}.Debug|Any CPU.Build.0 = Debug|Any CPU
		{DF08384B-37DD-4722-B23C-6CAA4704C04F}.Release|Any CPU.ActiveCfg = Release|Any CPU
		{DF08384B-37DD-4722-B23C-6CAA4704C04F}.Release|Any CPU.Build.0 = Release|Any CPU
	EndGlobalSection
	GlobalSection(SolutionProperties) = preSolution
		HideSolutionNode = FALSE
	EndGlobalSection
	GlobalSection(ExtensibilityGlobals) = postSolution
		SolutionGuid = {339F145D-4829-44D9-8026-5F6F97AFBA09}
	EndGlobalSection
EndGlobal
