
Microsoft Visual Studio Solution File, Format Version 12.00
# Visual Studio 15
VisualStudioVersion = 15.0.28218.60
MinimumVisualStudioVersion = 10.0.40219.1
Project("{FAE04EC0-301F-11D3-BF4B-00C04F79EFBC}") = "EntityFramework22Application", "EntityFramework22Application\EntityFramework22Application.csproj", "{C8750F3A-DD8B-4962-89B3-33FEBDBD9652}"
EndProject
Global
	GlobalSection(SolutionConfigurationPlatforms) = preSolution
		Debug|Any CPU = Debug|Any CPU
		Release|Any CPU = Release|Any CPU
	EndGlobalSection
	GlobalSection(ProjectConfigurationPlatforms) = postSolution
		{C8750F3A-DD8B-4962-89B3-33FEBDBD9652}.Debug|Any CPU.ActiveCfg = Debug|Any CPU
		{C8750F3A-DD8B-4962-89B3-33FEBDBD9652}.Debug|Any CPU.Build.0 = Debug|Any CPU
		{C8750F3A-DD8B-4962-89B3-33FEBDBD9652}.Release|Any CPU.ActiveCfg = Release|Any CPU
		{C8750F3A-DD8B-4962-89B3-33FEBDBD9652}.Release|Any CPU.Build.0 = Release|Any CPU
	EndGlobalSection
	GlobalSection(SolutionProperties) = preSolution
		HideSolutionNode = FALSE
	EndGlobalSection
	GlobalSection(ExtensibilityGlobals) = postSolution
		SolutionGuid = {E1A42023-E817-4011-90C7-065CA3F41551}
	EndGlobalSection
EndGlobal
